
Microsoft Visual Studio Solution File, Format Version 12.00
# Visual Studio Version 17
VisualStudioVersion = 17.14.36203.30 d17.14
MinimumVisualStudioVersion = 10.0.40219.1
Project("{FAE04EC0-301F-11D3-BF4B-00C04F79EFBC}") = "ConvertAST", "ConvertAST.csproj", "{7BABFDA4-747C-4F51-B710-A6A1225505BD}"
EndProject
Global
	GlobalSection(SolutionConfigurationPlatforms) = preSolution
		Debug|Any CPU = Debug|Any CPU
		Release|Any CPU = Release|Any CPU
	EndGlobalSection
	GlobalSection(ProjectConfigurationPlatforms) = postSolution
		{7BABFDA4-747C-4F51-B710-A6A1225505BD}.Debug|Any CPU.ActiveCfg = Debug|Any CPU
		{7BABFDA4-747C-4F51-B710-A6A1225505BD}.Debug|Any CPU.Build.0 = Debug|Any CPU
		{7BABFDA4-747C-4F51-B710-A6A1225505BD}.Release|Any CPU.ActiveCfg = Release|Any CPU
		{7BABFDA4-747C-4F51-B710-A6A1225505BD}.Release|Any CPU.Build.0 = Release|Any CPU
	EndGlobalSection
	GlobalSection(SolutionProperties) = preSolution
		HideSolutionNode = FALSE
	EndGlobalSection
	GlobalSection(ExtensibilityGlobals) = postSolution
		SolutionGuid = {EA6ADCBF-2153-48B1-8B57-2C0DE72FFB16}
	EndGlobalSection
EndGlobal
